
Microsoft Visual Studio Solution File, Format Version 12.00
# Visual Studio Version 17
VisualStudioVersion = 17.7.34031.279
MinimumVisualStudioVersion = 10.0.40219.1
Project("{FAE04EC0-301F-11D3-BF4B-00C04F79EFBC}") = "WeatherForecast", "WeatherForecast\WeatherForecast.csproj", "{CBFC629E-A7C4-4437-A317-19D20FC06091}"
EndProject
Global
	GlobalSection(SolutionConfigurationPlatforms) = preSolution
		Debug|Any CPU = Debug|Any CPU
		Release|Any CPU = Release|Any CPU
	EndGlobalSection
	GlobalSection(ProjectConfigurationPlatforms) = postSolution
		{CBFC629E-A7C4-4437-A317-19D20FC06091}.Debug|Any CPU.ActiveCfg = Debug|Any CPU
		{CBFC629E-A7C4-4437-A317-19D20FC06091}.Debug|Any CPU.Build.0 = Debug|Any CPU
		{CBFC629E-A7C4-4437-A317-19D20FC06091}.Release|Any CPU.ActiveCfg = Release|Any CPU
		{CBFC629E-A7C4-4437-A317-19D20FC06091}.Release|Any CPU.Build.0 = Release|Any CPU
	EndGlobalSection
	GlobalSection(SolutionProperties) = preSolution
		HideSolutionNode = FALSE
	EndGlobalSection
	GlobalSection(ExtensibilityGlobals) = postSolution
		SolutionGuid = {D735A7C5-713B-4570-83A8-3BBAD882E6A8}
	EndGlobalSection
EndGlobal
